
Microsoft Visual Studio Solution File, Format Version 12.00
# Visual Studio Version 16
VisualStudioVersion = 16.0.32413.511
MinimumVisualStudioVersion = 10.0.40219.1
Project("{2150E333-8FDC-42A3-9474-1A3956D46DE8}") = "Solution Items", "Solution Items", "{1F10DCE1-33D1-4318-A324-2A839499F345}"
	ProjectSection(SolutionItems) = preProject
		.gitignore = .gitignore
		TE-Basic-CSProgramming.pptx = TE-Basic-CSProgramming.pptx
	EndProjectSection
EndProject
Project("{9A19103F-16F7-4668-BE54-9A1E7A4F7556}") = "WinFormsApp1", "WinFormsApp1\WinFormsApp1.csproj", "{5F15B5E5-CC42-433E-8463-D8E93E736F2D}"
EndProject
Project("{2150E333-8FDC-42A3-9474-1A3956D46DE8}") = "Jupyter", "Jupyter", "{33194F5C-75B7-45A6-B2FD-195F71CE0BF5}"
	ProjectSection(SolutionItems) = preProject
		Jupyter\01 Hello World.ipynb = Jupyter\01 Hello World.ipynb
		Jupyter\02 The Basics of Strings.ipynb = Jupyter\02 The Basics of Strings.ipynb
		Jupyter\03 Searching Strings.ipynb = Jupyter\03 Searching Strings.ipynb
		Jupyter\04 Numbers and Integer Math.ipynb = Jupyter\04 Numbers and Integer Math.ipynb
		Jupyter\05 Numbers and Integer Precision.ipynb = Jupyter\05 Numbers and Integer Precision.ipynb
		Jupyter\06 Numbers and Decimals.ipynb = Jupyter\06 Numbers and Decimals.ipynb
		Jupyter\07 Branches (if).ipynb = Jupyter\07 Branches (if).ipynb
		Jupyter\08 What Are Loops_.ipynb = Jupyter\08 What Are Loops_.ipynb
		Jupyter\09 Combining Branches and Loops.ipynb = Jupyter\09 Combining Branches and Loops.ipynb
		Jupyter\10 Arrays, Lists, and Collections.ipynb = Jupyter\10 Arrays, Lists, and Collections.ipynb
		Jupyter\11 Search, Sort, and Index Lists.ipynb = Jupyter\11 Search, Sort, and Index Lists.ipynb
		Jupyter\12 Lists of Other Types.ipynb = Jupyter\12 Lists of Other Types.ipynb
		Jupyter\13 Objects and Classes.ipynb = Jupyter\13 Objects and Classes.ipynb
		Jupyter\14 Methods and Members.ipynb = Jupyter\14 Methods and Members.ipynb
		Jupyter\15 Methods and Exceptions.ipynb = Jupyter\15 Methods and Exceptions.ipynb
	EndProjectSection
EndProject
Project("{2150E333-8FDC-42A3-9474-1A3956D46DE8}") = "PDF", "PDF", "{08AE472A-8F38-45CE-A5E2-9CCDBBC5D3A7}"
	ProjectSection(SolutionItems) = preProject
		PDF\C# 101.pdf = PDF\C# 101.pdf
	EndProjectSection
EndProject
Project("{2150E333-8FDC-42A3-9474-1A3956D46DE8}") = "contents", "contents", "{62B68988-85CC-4037-9648-229155047601}"
	ProjectSection(SolutionItems) = preProject
		PDF\contents\01 Hello World.pdf = PDF\contents\01 Hello World.pdf
		PDF\contents\02 The Basics of Strings.pdf = PDF\contents\02 The Basics of Strings.pdf
		PDF\contents\03 Searching Strings.pdf = PDF\contents\03 Searching Strings.pdf
		PDF\contents\04 Numbers and Integer Math.pdf = PDF\contents\04 Numbers and Integer Math.pdf
		PDF\contents\05 Numbers and Integer Precision.pdf = PDF\contents\05 Numbers and Integer Precision.pdf
		PDF\contents\06 Numbers and Decimals.pdf = PDF\contents\06 Numbers and Decimals.pdf
		PDF\contents\07 Branches (if).pdf = PDF\contents\07 Branches (if).pdf
		PDF\contents\08 What Are Loops_.pdf = PDF\contents\08 What Are Loops_.pdf
		PDF\contents\09 Combining Branches and Loops.pdf = PDF\contents\09 Combining Branches and Loops.pdf
		PDF\contents\10 Arrays, Lists, and Collections.pdf = PDF\contents\10 Arrays, Lists, and Collections.pdf
		PDF\contents\11 Search, Sort, and Index Lists.pdf = PDF\contents\11 Search, Sort, and Index Lists.pdf
		PDF\contents\12 Lists of Other Types.pdf = PDF\contents\12 Lists of Other Types.pdf
		PDF\contents\13 Objects and Classes.pdf = PDF\contents\13 Objects and Classes.pdf
		PDF\contents\14 Methods and Members.pdf = PDF\contents\14 Methods and Members.pdf
		PDF\contents\15 Methods and Exceptions.pdf = PDF\contents\15 Methods and Exceptions.pdf
	EndProjectSection
EndProject
Project("{2150E333-8FDC-42A3-9474-1A3956D46DE8}") = "01GetStarted", "01GetStarted", "{8F3E705C-8578-4C56-8C5B-12046C6987FE}"
EndProject
Project("{9A19103F-16F7-4668-BE54-9A1E7A4F7556}") = "GetStartedConsoleUI", "GetStartedConsoleUI\GetStartedConsoleUI.csproj", "{716D7984-42D9-4349-8DA8-679469D6E0BC}"
EndProject
Project("{2150E333-8FDC-42A3-9474-1A3956D46DE8}") = "02CommonSyntax", "02CommonSyntax", "{BE7BD1F8-8D80-4A3A-9C3C-0C603C07BD5E}"
EndProject
Project("{9A19103F-16F7-4668-BE54-9A1E7A4F7556}") = "CommonSyntaxL10", "CommonSyntaxL10\CommonSyntaxL10.csproj", "{B7C635A2-1E5A-4BAC-8BC6-E449DDAF54D6}"
EndProject
Project("{9A19103F-16F7-4668-BE54-9A1E7A4F7556}") = "CommonSyntaxL02", "CommonSyntaxL02\CommonSyntaxL02.csproj", "{92C88DF9-C97A-4294-9BC6-BEB21780EB00}"
EndProject
Project("{9A19103F-16F7-4668-BE54-9A1E7A4F7556}") = "CommonSyntaxL03", "CommonSyntaxL03\CommonSyntaxL03.csproj", "{EF532D51-F763-4E03-8FC9-7384611DC029}"
EndProject
Project("{9A19103F-16F7-4668-BE54-9A1E7A4F7556}") = "CommonSyntaxL04", "CommonSyntaxL04\CommonSyntaxL04.csproj", "{BF7EA7F6-7779-4C04-89C5-A7A1F938438E}"
EndProject
Project("{9A19103F-16F7-4668-BE54-9A1E7A4F7556}") = "CommonSyntaxL05", "CommonSyntaxL05\CommonSyntaxL05.csproj", "{E47F6392-2D36-4466-A67C-F28050BF6201}"
EndProject
Project("{9A19103F-16F7-4668-BE54-9A1E7A4F7556}") = "CommonSyntaxL06", "CommonSyntaxL06\CommonSyntaxL06.csproj", "{1F14D305-1AA9-47FA-8EA0-74119A5BE51C}"
EndProject
Project("{9A19103F-16F7-4668-BE54-9A1E7A4F7556}") = "CommonSyntaxL07", "CommonSyntaxL07\CommonSyntaxL07.csproj", "{A7635F37-0809-49C0-BCEF-1CB0C3E4A65C}"
EndProject
Project("{9A19103F-16F7-4668-BE54-9A1E7A4F7556}") = "CommonSyntaxL08", "CommonSyntaxL08\CommonSyntaxL08.csproj", "{95217DE7-0E08-4A61-ADC3-4CC8E2DB99B3}"
EndProject
Project("{9A19103F-16F7-4668-BE54-9A1E7A4F7556}") = "CommonSyntaxL09", "CommonSyntaxL09\CommonSyntaxL09.csproj", "{AE5ADD11-294B-4C01-9CC5-B23B8AF439D1}"
EndProject
Project("{9A19103F-16F7-4668-BE54-9A1E7A4F7556}") = "CommonSyntaxL11", "CommonSyntaxL11\CommonSyntaxL11.csproj", "{F199E030-073B-4B4D-9067-51FA2CA6711E}"
EndProject
Project("{9A19103F-16F7-4668-BE54-9A1E7A4F7556}") = "CommonSyntaxL12", "CommonSyntaxL12\CommonSyntaxL12.csproj", "{E841A8A2-D2CE-45A1-BDB9-37F667DC918D}"
EndProject
Project("{9A19103F-16F7-4668-BE54-9A1E7A4F7556}") = "CommonSyntaxL13", "CommonSyntaxL13\CommonSyntaxL13.csproj", "{BDF9FF40-CF20-47F0-AF1D-1F77D7D13BDE}"
EndProject
Project("{2150E333-8FDC-42A3-9474-1A3956D46DE8}") = "03Debugging", "03Debugging", "{E6566EA0-8FC4-4DD9-9723-47B5A378B18B}"
EndProject
Project("{9A19103F-16F7-4668-BE54-9A1E7A4F7556}") = "UsingBreakPoint", "UsingBreakPoint\UsingBreakPoint.csproj", "{4708DF25-5B1A-4D8D-AC42-1A1B5A32A02C}"
EndProject
Project("{9A19103F-16F7-4668-BE54-9A1E7A4F7556}") = "ExceptionHandling", "ExceptionHandling\ExceptionHandling.csproj", "{D0156375-E7A0-4C95-B8C3-A053A0D024B3}"
EndProject
Project("{2150E333-8FDC-42A3-9474-1A3956D46DE8}") = "L2", "L2", "{BF88EC80-47F4-4A24-8085-487F3D958A7E}"
EndProject
Project("{2150E333-8FDC-42A3-9474-1A3956D46DE8}") = "L3", "L3", "{ED7FEB51-233D-4599-B81C-20B2E592DFAD}"
EndProject
Project("{2150E333-8FDC-42A3-9474-1A3956D46DE8}") = "L4", "L4", "{F7358D6E-148B-4604-863E-4FF37E7FCE49}"
EndProject
Project("{2150E333-8FDC-42A3-9474-1A3956D46DE8}") = "L5", "L5", "{4BFF5B00-D9D0-48CF-826A-DBADC35FEB02}"
EndProject
Project("{2150E333-8FDC-42A3-9474-1A3956D46DE8}") = "L6", "L6", "{C6B51FB7-8294-431E-99DC-21B2329AD11D}"
EndProject
Project("{FAE04EC0-301F-11D3-BF4B-00C04F79EFBC}") = "AdvanceException", "AdvanceException\AdvanceException.csproj", "{B6FDD99D-C9A0-4279-863B-6CB77D285EB5}"
EndProject
Project("{FAE04EC0-301F-11D3-BF4B-00C04F79EFBC}") = "AdvanceBreakPoint", "AdvanceBreakPoint\AdvanceBreakPoint.csproj", "{775AA226-B0FA-4369-A013-338CB68EE493}"
EndProject
Project("{FAE04EC0-301F-11D3-BF4B-00C04F79EFBC}") = "DebugMiniProject", "DebugMiniProject\DebugMiniProject.csproj", "{1B8E75FF-77CA-47EB-BB61-EDC8C4EC2367}"
EndProject
Project("{2150E333-8FDC-42A3-9474-1A3956D46DE8}") = "04OOP1", "04OOP1", "{14FF3281-4278-41F4-92EB-23DFE42A469A}"
EndProject
Project("{2150E333-8FDC-42A3-9474-1A3956D46DE8}") = "L2StaticClasses", "L2StaticClasses", "{1CBB0AED-BC41-4841-B76D-2A555FD9F05C}"
EndProject
Project("{FAE04EC0-301F-11D3-BF4B-00C04F79EFBC}") = "StaticClasses", "StaticClasses\StaticClasses.csproj", "{A2114BE4-1463-4DFE-B012-7D9D62BE5922}"
EndProject
Project("{2150E333-8FDC-42A3-9474-1A3956D46DE8}") = "L3InstantiatedClasses", "L3InstantiatedClasses", "{A69C93D0-26EF-482B-84D5-D9A4292BF0B2}"
EndProject
Project("{FAE04EC0-301F-11D3-BF4B-00C04F79EFBC}") = "InstantiatedClasses", "InstantiatedClasses\InstantiatedClasses.csproj", "{1C7FA96C-3226-4627-AEBC-3659AB1F364B}"
EndProject
Project("{2150E333-8FDC-42A3-9474-1A3956D46DE8}") = "L4PropertyTypes", "L4PropertyTypes", "{59969A0E-1790-4216-BAF3-892128EA671D}"
EndProject
Project("{FAE04EC0-301F-11D3-BF4B-00C04F79EFBC}") = "PropertyTypes", "PropertyTypes\PropertyTypes.csproj", "{F35ADC38-C3F6-4A46-8A76-2A5A401E6BA9}"
EndProject
Project("{2150E333-8FDC-42A3-9474-1A3956D46DE8}") = "L5Namespace", "L5Namespace", "{9736D16D-AB2A-429B-8EBF-E0E0AA529F4A}"
EndProject
Project("{FAE04EC0-301F-11D3-BF4B-00C04F79EFBC}") = "Namespaces", "Namespaces\Namespaces.csproj", "{5C320FA4-4AB1-49A3-B15E-503623DC0E3D}"
EndProject
Project("{2150E333-8FDC-42A3-9474-1A3956D46DE8}") = "L6ClassLibrary", "L6ClassLibrary", "{6139615D-A899-4FC6-B791-5E4505AA22A9}"
EndProject
Project("{FAE04EC0-301F-11D3-BF4B-00C04F79EFBC}") = "ClassLibConsole", "ClassLibConsole\ClassLibConsole.csproj", "{38E20E45-21BC-41BB-83F1-872296BFD6C4}"
EndProject
Project("{FAE04EC0-301F-11D3-BF4B-00C04F79EFBC}") = "DemoLibrary", "DemoLibrary\DemoLibrary.csproj", "{7C912928-3C70-4FDF-B915-B2D5F34DCDD1}"
EndProject
Project("{2150E333-8FDC-42A3-9474-1A3956D46DE8}") = "L7BetterGuestBook", "L7BetterGuestBook", "{0EFD480D-006F-4A75-BFAE-57FEE1B11309}"
EndProject
Project("{FAE04EC0-301F-11D3-BF4B-00C04F79EFBC}") = "BetterGuestBookConsole", "BetterGuestBookConsole\BetterGuestBookConsole.csproj", "{39861418-9DE1-4B2C-A2E6-CFF08AE666E2}"
EndProject
Project("{FAE04EC0-301F-11D3-BF4B-00C04F79EFBC}") = "GuestBookLibrary", "GuestBookLibrary\GuestBookLibrary.csproj", "{5C1645EE-093F-47FF-BF3F-06EA04B0D9DB}"
EndProject
Project("{2150E333-8FDC-42A3-9474-1A3956D46DE8}") = "05OOP2", "05OOP2", "{D2C46904-9577-4981-850F-DB4E204D234C}"
EndProject
Project("{2150E333-8FDC-42A3-9474-1A3956D46DE8}") = "L02Inheritance", "L02Inheritance", "{B37F8FD1-F0FC-4110-A8CD-E57393E16C7C}"
EndProject
Project("{FAE04EC0-301F-11D3-BF4B-00C04F79EFBC}") = "InheritanceDemo", "InheritanceDemo\InheritanceDemo.csproj", "{3D918441-A88E-43A8-9CB4-AD6EE13F9577}"
EndProject
Project("{2150E333-8FDC-42A3-9474-1A3956D46DE8}") = "L03Interface", "L03Interface", "{7CC119A0-1FA5-4986-9B9F-AE73829BF61C}"
EndProject
Project("{FAE04EC0-301F-11D3-BF4B-00C04F79EFBC}") = "InterfaceDemo", "InterfaceDemo\InterfaceDemo.csproj", "{F1880321-5BC6-4936-894E-AE703A85F7FF}"
EndProject
Project("{2150E333-8FDC-42A3-9474-1A3956D46DE8}") = "L04InheritanceMiniProject", "L04InheritanceMiniProject", "{A290D2EA-F941-4113-9C65-43A49B897605}"
EndProject
Project("{FAE04EC0-301F-11D3-BF4B-00C04F79EFBC}") = "InheritanceMiniProjectApp", "InheritanceMiniProjectApp\InheritanceMiniProjectApp.csproj", "{0A14891E-3E5A-480D-8296-E7D74A6911E8}"
EndProject
Project("{2150E333-8FDC-42A3-9474-1A3956D46DE8}") = "L05AccessModifiers", "L05AccessModifiers", "{3C83F223-E60B-453F-9A8C-2478B0A64230}"
EndProject
Project("{FAE04EC0-301F-11D3-BF4B-00C04F79EFBC}") = "AccessModifiersDemo", "AccessModifiersDemo\AccessModifiersDemo.csproj", "{1B965232-6D94-47FA-8E44-735E31E1EB10}"
EndProject
Project("{FAE04EC0-301F-11D3-BF4B-00C04F79EFBC}") = "AccesModifyDemoLibrary", "AccesModifyDemoLibrary\AccesModifyDemoLibrary.csproj", "{244FC077-7E92-43DA-99DB-9209A9F095C1}"
EndProject
Project("{2150E333-8FDC-42A3-9474-1A3956D46DE8}") = "L06AbstractClass", "L06AbstractClass", "{40696BB9-0C0A-44AC-BDF9-C230166BF312}"
EndProject
Project("{FAE04EC0-301F-11D3-BF4B-00C04F79EFBC}") = "AbstractClassDemo", "AbstractClassDemo\AbstractClassDemo.csproj", "{7D2056BC-4745-4145-A4DF-9DF0B505B16E}"
EndProject
Project("{2150E333-8FDC-42A3-9474-1A3956D46DE8}") = "L07MethodOverride", "L07MethodOverride", "{E1946BED-D1E9-4550-ADFC-CF312045B8D2}"
EndProject
Project("{FAE04EC0-301F-11D3-BF4B-00C04F79EFBC}") = "MethodOverrideDemo", "MethodOverrideDemo\MethodOverrideDemo.csproj", "{B423907B-AEDB-4B1E-8CAA-72A7D478EDF5}"
EndProject
Project("{2150E333-8FDC-42A3-9474-1A3956D46DE8}") = "L08CardGameApp", "L08CardGameApp", "{69D68A5A-5474-4AD4-A41A-F0B069AE5AB8}"
EndProject
Project("{FAE04EC0-301F-11D3-BF4B-00C04F79EFBC}") = "CardGame", "CardGame\CardGame.csproj", "{9801C0F2-25C2-4038-A0A0-862B1DA608BD}"
EndProject
Project("{2150E333-8FDC-42A3-9474-1A3956D46DE8}") = "L09MethodOverload", "L09MethodOverload", "{2BAF4BDB-47A6-40EB-B2BA-DADC7568792A}"
EndProject
Project("{FAE04EC0-301F-11D3-BF4B-00C04F79EFBC}") = "MethodOverload", "MethodOverload\MethodOverload.csproj", "{8EB11A69-77D1-4DCC-A784-9B065AAD10EA}"
EndProject
Project("{2150E333-8FDC-42A3-9474-1A3956D46DE8}") = "L10ExtensionMethod", "L10ExtensionMethod", "{CF90116D-5D2E-452F-9A45-A320AB09E666}"
EndProject
Project("{FAE04EC0-301F-11D3-BF4B-00C04F79EFBC}") = "ExtensionMethodDemo", "ExtensionMethodDemo\ExtensionMethodDemo.csproj", "{C1901DF3-87A3-495B-9A69-C22895AC0B09}"
EndProject
Project("{2150E333-8FDC-42A3-9474-1A3956D46DE8}") = "L11ExtensionMethodMiniApp", "L11ExtensionMethodMiniApp", "{E81CA8DC-3775-488C-B4BB-0D20A2608F02}"
EndProject
Project("{FAE04EC0-301F-11D3-BF4B-00C04F79EFBC}") = "ExtensionMethodMiniApp", "ExtensionMethodMiniApp\ExtensionMethodMiniApp.csproj", "{3B943380-8A68-411A-8AD3-88CEC4198641}"
EndProject
Project("{2150E333-8FDC-42A3-9474-1A3956D46DE8}") = "L12GenericDemo", "L12GenericDemo", "{9B97DE8F-9251-4A6C-B300-4976D903193D}"
EndProject
Project("{FAE04EC0-301F-11D3-BF4B-00C04F79EFBC}") = "GenericDemo", "GenericDemo\GenericDemo.csproj", "{CDB64AF3-43EB-49BE-9A97-C98359067A21}"
EndProject
Project("{2150E333-8FDC-42A3-9474-1A3956D46DE8}") = "L13EventDemo", "L13EventDemo", "{7826E761-2027-4FFC-B00C-61388653171C}"
EndProject
Project("{FAE04EC0-301F-11D3-BF4B-00C04F79EFBC}") = "EventDemo", "EventDemo\EventDemo.csproj", "{CC33314F-2035-451E-863A-278E0A3D2965}"
EndProject
Project("{2150E333-8FDC-42A3-9474-1A3956D46DE8}") = "L14WrapUpDemo", "L14WrapUpDemo", "{C79E2122-2F16-4CC7-BE38-24F1AB040DD6}"
EndProject
Project("{FAE04EC0-301F-11D3-BF4B-00C04F79EFBC}") = "WrapUpDemo", "WrapUpDemo\WrapUpDemo.csproj", "{0F28571B-480E-482A-8A9F-2DB7802E31A3}"
EndProject
Project("{2150E333-8FDC-42A3-9474-1A3956D46DE8}") = "06DataAccess", "06DataAccess", "{FF5E3180-DE23-43B5-BB26-C63F327B8DD9}"
EndProject
Project("{2150E333-8FDC-42A3-9474-1A3956D46DE8}") = "L05RelationalDB", "L05RelationalDB", "{E910DAF2-E0A5-4FB6-943A-ACE79AE8066B}"
EndProject
Project("{FAE04EC0-301F-11D3-BF4B-00C04F79EFBC}") = "SQLServerUI", "SQLServerUI\SQLServerUI.csproj", "{03E6084E-A432-45AF-8769-A0C961E0A3C9}"
EndProject
Project("{FAE04EC0-301F-11D3-BF4B-00C04F79EFBC}") = "DataAccessLibrary", "DataAccessLibrary\DataAccessLibrary.csproj", "{170CE6CA-5F10-4B67-9BC2-A25424972926}"
EndProject
Project("{2150E333-8FDC-42A3-9474-1A3956D46DE8}") = "L11TextFile", "L11TextFile", "{4EFC30A3-9D0C-438A-B0A4-B5B90AD60F7D}"
EndProject
Project("{FAE04EC0-301F-11D3-BF4B-00C04F79EFBC}") = "TextFileUI", "TextFileUI\TextFileUI.csproj", "{9D6FDCE3-ACEC-496D-A1B8-F41AB1FF9D07}"
EndProject
Project("{FAE04EC0-301F-11D3-BF4B-00C04F79EFBC}") = "DataAccessTextLibrary", "DataAccessTextLibrary\DataAccessTextLibrary.csproj", "{1325A7F4-591C-43CE-82AC-3E1B96895996}"
EndProject
Project("{2150E333-8FDC-42A3-9474-1A3956D46DE8}") = "L13LinqAndLamda", "L13LinqAndLamda", "{267A5FFC-F08F-4E52-A275-47388D911446}"
EndProject
Project("{FAE04EC0-301F-11D3-BF4B-00C04F79EFBC}") = "LinqUI", "LinqUI\LinqUI.csproj", "{CACACB48-6B15-4201-AE1D-8961B6799BA7}"
EndProject
Project("{2150E333-8FDC-42A3-9474-1A3956D46DE8}") = "L14EFCore", "L14EFCore", "{573A6964-CE8A-4298-91E5-174504A0DA85}"
EndProject
Project("{FAE04EC0-301F-11D3-BF4B-00C04F79EFBC}") = "EFConsoleUI", "EFConsoleUI\EFConsoleUI.csproj", "{9992CA93-68CA-4230-96B1-AFDFAE21C4B3}"
EndProject
Global
	GlobalSection(SolutionConfigurationPlatforms) = preSolution
		Debug|Any CPU = Debug|Any CPU
		Release|Any CPU = Release|Any CPU
	EndGlobalSection
	GlobalSection(ProjectConfigurationPlatforms) = postSolution
		{5F15B5E5-CC42-433E-8463-D8E93E736F2D}.Debug|Any CPU.ActiveCfg = Debug|Any CPU
		{5F15B5E5-CC42-433E-8463-D8E93E736F2D}.Debug|Any CPU.Build.0 = Debug|Any CPU
		{5F15B5E5-CC42-433E-8463-D8E93E736F2D}.Release|Any CPU.ActiveCfg = Release|Any CPU
		{5F15B5E5-CC42-433E-8463-D8E93E736F2D}.Release|Any CPU.Build.0 = Release|Any CPU
		{716D7984-42D9-4349-8DA8-679469D6E0BC}.Debug|Any CPU.ActiveCfg = Debug|Any CPU
		{716D7984-42D9-4349-8DA8-679469D6E0BC}.Debug|Any CPU.Build.0 = Debug|Any CPU
		{716D7984-42D9-4349-8DA8-679469D6E0BC}.Release|Any CPU.ActiveCfg = Release|Any CPU
		{716D7984-42D9-4349-8DA8-679469D6E0BC}.Release|Any CPU.Build.0 = Release|Any CPU
		{B7C635A2-1E5A-4BAC-8BC6-E449DDAF54D6}.Debug|Any CPU.ActiveCfg = Debug|Any CPU
		{B7C635A2-1E5A-4BAC-8BC6-E449DDAF54D6}.Debug|Any CPU.Build.0 = Debug|Any CPU
		{B7C635A2-1E5A-4BAC-8BC6-E449DDAF54D6}.Release|Any CPU.ActiveCfg = Release|Any CPU
		{B7C635A2-1E5A-4BAC-8BC6-E449DDAF54D6}.Release|Any CPU.Build.0 = Release|Any CPU
		{92C88DF9-C97A-4294-9BC6-BEB21780EB00}.Debug|Any CPU.ActiveCfg = Debug|Any CPU
		{92C88DF9-C97A-4294-9BC6-BEB21780EB00}.Debug|Any CPU.Build.0 = Debug|Any CPU
		{92C88DF9-C97A-4294-9BC6-BEB21780EB00}.Release|Any CPU.ActiveCfg = Release|Any CPU
		{92C88DF9-C97A-4294-9BC6-BEB21780EB00}.Release|Any CPU.Build.0 = Release|Any CPU
		{EF532D51-F763-4E03-8FC9-7384611DC029}.Debug|Any CPU.ActiveCfg = Debug|Any CPU
		{EF532D51-F763-4E03-8FC9-7384611DC029}.Debug|Any CPU.Build.0 = Debug|Any CPU
		{EF532D51-F763-4E03-8FC9-7384611DC029}.Release|Any CPU.ActiveCfg = Release|Any CPU
		{EF532D51-F763-4E03-8FC9-7384611DC029}.Release|Any CPU.Build.0 = Release|Any CPU
		{BF7EA7F6-7779-4C04-89C5-A7A1F938438E}.Debug|Any CPU.ActiveCfg = Debug|Any CPU
		{BF7EA7F6-7779-4C04-89C5-A7A1F938438E}.Debug|Any CPU.Build.0 = Debug|Any CPU
		{BF7EA7F6-7779-4C04-89C5-A7A1F938438E}.Release|Any CPU.ActiveCfg = Release|Any CPU
		{BF7EA7F6-7779-4C04-89C5-A7A1F938438E}.Release|Any CPU.Build.0 = Release|Any CPU
		{E47F6392-2D36-4466-A67C-F28050BF6201}.Debug|Any CPU.ActiveCfg = Debug|Any CPU
		{E47F6392-2D36-4466-A67C-F28050BF6201}.Debug|Any CPU.Build.0 = Debug|Any CPU
		{E47F6392-2D36-4466-A67C-F28050BF6201}.Release|Any CPU.ActiveCfg = Release|Any CPU
		{E47F6392-2D36-4466-A67C-F28050BF6201}.Release|Any CPU.Build.0 = Release|Any CPU
		{1F14D305-1AA9-47FA-8EA0-74119A5BE51C}.Debug|Any CPU.ActiveCfg = Debug|Any CPU
		{1F14D305-1AA9-47FA-8EA0-74119A5BE51C}.Debug|Any CPU.Build.0 = Debug|Any CPU
		{1F14D305-1AA9-47FA-8EA0-74119A5BE51C}.Release|Any CPU.ActiveCfg = Release|Any CPU
		{1F14D305-1AA9-47FA-8EA0-74119A5BE51C}.Release|Any CPU.Build.0 = Release|Any CPU
		{A7635F37-0809-49C0-BCEF-1CB0C3E4A65C}.Debug|Any CPU.ActiveCfg = Debug|Any CPU
		{A7635F37-0809-49C0-BCEF-1CB0C3E4A65C}.Debug|Any CPU.Build.0 = Debug|Any CPU
		{A7635F37-0809-49C0-BCEF-1CB0C3E4A65C}.Release|Any CPU.ActiveCfg = Release|Any CPU
		{A7635F37-0809-49C0-BCEF-1CB0C3E4A65C}.Release|Any CPU.Build.0 = Release|Any CPU
		{95217DE7-0E08-4A61-ADC3-4CC8E2DB99B3}.Debug|Any CPU.ActiveCfg = Debug|Any CPU
		{95217DE7-0E08-4A61-ADC3-4CC8E2DB99B3}.Debug|Any CPU.Build.0 = Debug|Any CPU
		{95217DE7-0E08-4A61-ADC3-4CC8E2DB99B3}.Release|Any CPU.ActiveCfg = Release|Any CPU
		{95217DE7-0E08-4A61-ADC3-4CC8E2DB99B3}.Release|Any CPU.Build.0 = Release|Any CPU
		{AE5ADD11-294B-4C01-9CC5-B23B8AF439D1}.Debug|Any CPU.ActiveCfg = Debug|Any CPU
		{AE5ADD11-294B-4C01-9CC5-B23B8AF439D1}.Debug|Any CPU.Build.0 = Debug|Any CPU
		{AE5ADD11-294B-4C01-9CC5-B23B8AF439D1}.Release|Any CPU.ActiveCfg = Release|Any CPU
		{AE5ADD11-294B-4C01-9CC5-B23B8AF439D1}.Release|Any CPU.Build.0 = Release|Any CPU
		{F199E030-073B-4B4D-9067-51FA2CA6711E}.Debug|Any CPU.ActiveCfg = Debug|Any CPU
		{F199E030-073B-4B4D-9067-51FA2CA6711E}.Debug|Any CPU.Build.0 = Debug|Any CPU
		{F199E030-073B-4B4D-9067-51FA2CA6711E}.Release|Any CPU.ActiveCfg = Release|Any CPU
		{F199E030-073B-4B4D-9067-51FA2CA6711E}.Release|Any CPU.Build.0 = Release|Any CPU
		{E841A8A2-D2CE-45A1-BDB9-37F667DC918D}.Debug|Any CPU.ActiveCfg = Debug|Any CPU
		{E841A8A2-D2CE-45A1-BDB9-37F667DC918D}.Debug|Any CPU.Build.0 = Debug|Any CPU
		{E841A8A2-D2CE-45A1-BDB9-37F667DC918D}.Release|Any CPU.ActiveCfg = Release|Any CPU
		{E841A8A2-D2CE-45A1-BDB9-37F667DC918D}.Release|Any CPU.Build.0 = Release|Any CPU
		{BDF9FF40-CF20-47F0-AF1D-1F77D7D13BDE}.Debug|Any CPU.ActiveCfg = Debug|Any CPU
		{BDF9FF40-CF20-47F0-AF1D-1F77D7D13BDE}.Debug|Any CPU.Build.0 = Debug|Any CPU
		{BDF9FF40-CF20-47F0-AF1D-1F77D7D13BDE}.Release|Any CPU.ActiveCfg = Release|Any CPU
		{BDF9FF40-CF20-47F0-AF1D-1F77D7D13BDE}.Release|Any CPU.Build.0 = Release|Any CPU
		{4708DF25-5B1A-4D8D-AC42-1A1B5A32A02C}.Debug|Any CPU.ActiveCfg = Debug|Any CPU
		{4708DF25-5B1A-4D8D-AC42-1A1B5A32A02C}.Debug|Any CPU.Build.0 = Debug|Any CPU
		{4708DF25-5B1A-4D8D-AC42-1A1B5A32A02C}.Release|Any CPU.ActiveCfg = Release|Any CPU
		{4708DF25-5B1A-4D8D-AC42-1A1B5A32A02C}.Release|Any CPU.Build.0 = Release|Any CPU
		{D0156375-E7A0-4C95-B8C3-A053A0D024B3}.Debug|Any CPU.ActiveCfg = Debug|Any CPU
		{D0156375-E7A0-4C95-B8C3-A053A0D024B3}.Debug|Any CPU.Build.0 = Debug|Any CPU
		{D0156375-E7A0-4C95-B8C3-A053A0D024B3}.Release|Any CPU.ActiveCfg = Release|Any CPU
		{D0156375-E7A0-4C95-B8C3-A053A0D024B3}.Release|Any CPU.Build.0 = Release|Any CPU
		{B6FDD99D-C9A0-4279-863B-6CB77D285EB5}.Debug|Any CPU.ActiveCfg = Debug|Any CPU
		{B6FDD99D-C9A0-4279-863B-6CB77D285EB5}.Debug|Any CPU.Build.0 = Debug|Any CPU
		{B6FDD99D-C9A0-4279-863B-6CB77D285EB5}.Release|Any CPU.ActiveCfg = Release|Any CPU
		{B6FDD99D-C9A0-4279-863B-6CB77D285EB5}.Release|Any CPU.Build.0 = Release|Any CPU
		{775AA226-B0FA-4369-A013-338CB68EE493}.Debug|Any CPU.ActiveCfg = Debug|Any CPU
		{775AA226-B0FA-4369-A013-338CB68EE493}.Debug|Any CPU.Build.0 = Debug|Any CPU
		{775AA226-B0FA-4369-A013-338CB68EE493}.Release|Any CPU.ActiveCfg = Release|Any CPU
		{775AA226-B0FA-4369-A013-338CB68EE493}.Release|Any CPU.Build.0 = Release|Any CPU
		{1B8E75FF-77CA-47EB-BB61-EDC8C4EC2367}.Debug|Any CPU.ActiveCfg = Debug|Any CPU
		{1B8E75FF-77CA-47EB-BB61-EDC8C4EC2367}.Debug|Any CPU.Build.0 = Debug|Any CPU
		{1B8E75FF-77CA-47EB-BB61-EDC8C4EC2367}.Release|Any CPU.ActiveCfg = Release|Any CPU
		{1B8E75FF-77CA-47EB-BB61-EDC8C4EC2367}.Release|Any CPU.Build.0 = Release|Any CPU
		{A2114BE4-1463-4DFE-B012-7D9D62BE5922}.Debug|Any CPU.ActiveCfg = Debug|Any CPU
		{A2114BE4-1463-4DFE-B012-7D9D62BE5922}.Debug|Any CPU.Build.0 = Debug|Any CPU
		{A2114BE4-1463-4DFE-B012-7D9D62BE5922}.Release|Any CPU.ActiveCfg = Release|Any CPU
		{A2114BE4-1463-4DFE-B012-7D9D62BE5922}.Release|Any CPU.Build.0 = Release|Any CPU
		{1C7FA96C-3226-4627-AEBC-3659AB1F364B}.Debug|Any CPU.ActiveCfg = Debug|Any CPU
		{1C7FA96C-3226-4627-AEBC-3659AB1F364B}.Debug|Any CPU.Build.0 = Debug|Any CPU
		{1C7FA96C-3226-4627-AEBC-3659AB1F364B}.Release|Any CPU.ActiveCfg = Release|Any CPU
		{1C7FA96C-3226-4627-AEBC-3659AB1F364B}.Release|Any CPU.Build.0 = Release|Any CPU
		{F35ADC38-C3F6-4A46-8A76-2A5A401E6BA9}.Debug|Any CPU.ActiveCfg = Debug|Any CPU
		{F35ADC38-C3F6-4A46-8A76-2A5A401E6BA9}.Debug|Any CPU.Build.0 = Debug|Any CPU
		{F35ADC38-C3F6-4A46-8A76-2A5A401E6BA9}.Release|Any CPU.ActiveCfg = Release|Any CPU
		{F35ADC38-C3F6-4A46-8A76-2A5A401E6BA9}.Release|Any CPU.Build.0 = Release|Any CPU
		{5C320FA4-4AB1-49A3-B15E-503623DC0E3D}.Debug|Any CPU.ActiveCfg = Debug|Any CPU
		{5C320FA4-4AB1-49A3-B15E-503623DC0E3D}.Debug|Any CPU.Build.0 = Debug|Any CPU
		{5C320FA4-4AB1-49A3-B15E-503623DC0E3D}.Release|Any CPU.ActiveCfg = Release|Any CPU
		{5C320FA4-4AB1-49A3-B15E-503623DC0E3D}.Release|Any CPU.Build.0 = Release|Any CPU
		{38E20E45-21BC-41BB-83F1-872296BFD6C4}.Debug|Any CPU.ActiveCfg = Debug|Any CPU
		{38E20E45-21BC-41BB-83F1-872296BFD6C4}.Debug|Any CPU.Build.0 = Debug|Any CPU
		{38E20E45-21BC-41BB-83F1-872296BFD6C4}.Release|Any CPU.ActiveCfg = Release|Any CPU
		{38E20E45-21BC-41BB-83F1-872296BFD6C4}.Release|Any CPU.Build.0 = Release|Any CPU
		{7C912928-3C70-4FDF-B915-B2D5F34DCDD1}.Debug|Any CPU.ActiveCfg = Debug|Any CPU
		{7C912928-3C70-4FDF-B915-B2D5F34DCDD1}.Debug|Any CPU.Build.0 = Debug|Any CPU
		{7C912928-3C70-4FDF-B915-B2D5F34DCDD1}.Release|Any CPU.ActiveCfg = Release|Any CPU
		{7C912928-3C70-4FDF-B915-B2D5F34DCDD1}.Release|Any CPU.Build.0 = Release|Any CPU
		{39861418-9DE1-4B2C-A2E6-CFF08AE666E2}.Debug|Any CPU.ActiveCfg = Debug|Any CPU
		{39861418-9DE1-4B2C-A2E6-CFF08AE666E2}.Debug|Any CPU.Build.0 = Debug|Any CPU
		{39861418-9DE1-4B2C-A2E6-CFF08AE666E2}.Release|Any CPU.ActiveCfg = Release|Any CPU
		{39861418-9DE1-4B2C-A2E6-CFF08AE666E2}.Release|Any CPU.Build.0 = Release|Any CPU
		{5C1645EE-093F-47FF-BF3F-06EA04B0D9DB}.Debug|Any CPU.ActiveCfg = Debug|Any CPU
		{5C1645EE-093F-47FF-BF3F-06EA04B0D9DB}.Debug|Any CPU.Build.0 = Debug|Any CPU
		{5C1645EE-093F-47FF-BF3F-06EA04B0D9DB}.Release|Any CPU.ActiveCfg = Release|Any CPU
		{5C1645EE-093F-47FF-BF3F-06EA04B0D9DB}.Release|Any CPU.Build.0 = Release|Any CPU
		{3D918441-A88E-43A8-9CB4-AD6EE13F9577}.Debug|Any CPU.ActiveCfg = Debug|Any CPU
		{3D918441-A88E-43A8-9CB4-AD6EE13F9577}.Debug|Any CPU.Build.0 = Debug|Any CPU
		{3D918441-A88E-43A8-9CB4-AD6EE13F9577}.Release|Any CPU.ActiveCfg = Release|Any CPU
		{3D918441-A88E-43A8-9CB4-AD6EE13F9577}.Release|Any CPU.Build.0 = Release|Any CPU
		{F1880321-5BC6-4936-894E-AE703A85F7FF}.Debug|Any CPU.ActiveCfg = Debug|Any CPU
		{F1880321-5BC6-4936-894E-AE703A85F7FF}.Debug|Any CPU.Build.0 = Debug|Any CPU
		{F1880321-5BC6-4936-894E-AE703A85F7FF}.Release|Any CPU.ActiveCfg = Release|Any CPU
		{F1880321-5BC6-4936-894E-AE703A85F7FF}.Release|Any CPU.Build.0 = Release|Any CPU
		{0A14891E-3E5A-480D-8296-E7D74A6911E8}.Debug|Any CPU.ActiveCfg = Debug|Any CPU
		{0A14891E-3E5A-480D-8296-E7D74A6911E8}.Debug|Any CPU.Build.0 = Debug|Any CPU
		{0A14891E-3E5A-480D-8296-E7D74A6911E8}.Release|Any CPU.ActiveCfg = Release|Any CPU
		{0A14891E-3E5A-480D-8296-E7D74A6911E8}.Release|Any CPU.Build.0 = Release|Any CPU
		{1B965232-6D94-47FA-8E44-735E31E1EB10}.Debug|Any CPU.ActiveCfg = Debug|Any CPU
		{1B965232-6D94-47FA-8E44-735E31E1EB10}.Debug|Any CPU.Build.0 = Debug|Any CPU
		{1B965232-6D94-47FA-8E44-735E31E1EB10}.Release|Any CPU.ActiveCfg = Release|Any CPU
		{1B965232-6D94-47FA-8E44-735E31E1EB10}.Release|Any CPU.Build.0 = Release|Any CPU
		{244FC077-7E92-43DA-99DB-9209A9F095C1}.Debug|Any CPU.ActiveCfg = Debug|Any CPU
		{244FC077-7E92-43DA-99DB-9209A9F095C1}.Debug|Any CPU.Build.0 = Debug|Any CPU
		{244FC077-7E92-43DA-99DB-9209A9F095C1}.Release|Any CPU.ActiveCfg = Release|Any CPU
		{244FC077-7E92-43DA-99DB-9209A9F095C1}.Release|Any CPU.Build.0 = Release|Any CPU
		{7D2056BC-4745-4145-A4DF-9DF0B505B16E}.Debug|Any CPU.ActiveCfg = Debug|Any CPU
		{7D2056BC-4745-4145-A4DF-9DF0B505B16E}.Debug|Any CPU.Build.0 = Debug|Any CPU
		{7D2056BC-4745-4145-A4DF-9DF0B505B16E}.Release|Any CPU.ActiveCfg = Release|Any CPU
		{7D2056BC-4745-4145-A4DF-9DF0B505B16E}.Release|Any CPU.Build.0 = Release|Any CPU
		{B423907B-AEDB-4B1E-8CAA-72A7D478EDF5}.Debug|Any CPU.ActiveCfg = Debug|Any CPU
		{B423907B-AEDB-4B1E-8CAA-72A7D478EDF5}.Debug|Any CPU.Build.0 = Debug|Any CPU
		{B423907B-AEDB-4B1E-8CAA-72A7D478EDF5}.Release|Any CPU.ActiveCfg = Release|Any CPU
		{B423907B-AEDB-4B1E-8CAA-72A7D478EDF5}.Release|Any CPU.Build.0 = Release|Any CPU
		{9801C0F2-25C2-4038-A0A0-862B1DA608BD}.Debug|Any CPU.ActiveCfg = Debug|Any CPU
		{9801C0F2-25C2-4038-A0A0-862B1DA608BD}.Debug|Any CPU.Build.0 = Debug|Any CPU
		{9801C0F2-25C2-4038-A0A0-862B1DA608BD}.Release|Any CPU.ActiveCfg = Release|Any CPU
		{9801C0F2-25C2-4038-A0A0-862B1DA608BD}.Release|Any CPU.Build.0 = Release|Any CPU
		{8EB11A69-77D1-4DCC-A784-9B065AAD10EA}.Debug|Any CPU.ActiveCfg = Debug|Any CPU
		{8EB11A69-77D1-4DCC-A784-9B065AAD10EA}.Debug|Any CPU.Build.0 = Debug|Any CPU
		{8EB11A69-77D1-4DCC-A784-9B065AAD10EA}.Release|Any CPU.ActiveCfg = Release|Any CPU
		{8EB11A69-77D1-4DCC-A784-9B065AAD10EA}.Release|Any CPU.Build.0 = Release|Any CPU
		{C1901DF3-87A3-495B-9A69-C22895AC0B09}.Debug|Any CPU.ActiveCfg = Debug|Any CPU
		{C1901DF3-87A3-495B-9A69-C22895AC0B09}.Debug|Any CPU.Build.0 = Debug|Any CPU
		{C1901DF3-87A3-495B-9A69-C22895AC0B09}.Release|Any CPU.ActiveCfg = Release|Any CPU
		{C1901DF3-87A3-495B-9A69-C22895AC0B09}.Release|Any CPU.Build.0 = Release|Any CPU
		{3B943380-8A68-411A-8AD3-88CEC4198641}.Debug|Any CPU.ActiveCfg = Debug|Any CPU
		{3B943380-8A68-411A-8AD3-88CEC4198641}.Debug|Any CPU.Build.0 = Debug|Any CPU
		{3B943380-8A68-411A-8AD3-88CEC4198641}.Release|Any CPU.ActiveCfg = Release|Any CPU
		{3B943380-8A68-411A-8AD3-88CEC4198641}.Release|Any CPU.Build.0 = Release|Any CPU
		{CDB64AF3-43EB-49BE-9A97-C98359067A21}.Debug|Any CPU.ActiveCfg = Debug|Any CPU
		{CDB64AF3-43EB-49BE-9A97-C98359067A21}.Debug|Any CPU.Build.0 = Debug|Any CPU
		{CDB64AF3-43EB-49BE-9A97-C98359067A21}.Release|Any CPU.ActiveCfg = Release|Any CPU
		{CDB64AF3-43EB-49BE-9A97-C98359067A21}.Release|Any CPU.Build.0 = Release|Any CPU
		{CC33314F-2035-451E-863A-278E0A3D2965}.Debug|Any CPU.ActiveCfg = Debug|Any CPU
		{CC33314F-2035-451E-863A-278E0A3D2965}.Debug|Any CPU.Build.0 = Debug|Any CPU
		{CC33314F-2035-451E-863A-278E0A3D2965}.Release|Any CPU.ActiveCfg = Release|Any CPU
		{CC33314F-2035-451E-863A-278E0A3D2965}.Release|Any CPU.Build.0 = Release|Any CPU
		{0F28571B-480E-482A-8A9F-2DB7802E31A3}.Debug|Any CPU.ActiveCfg = Debug|Any CPU
		{0F28571B-480E-482A-8A9F-2DB7802E31A3}.Debug|Any CPU.Build.0 = Debug|Any CPU
		{0F28571B-480E-482A-8A9F-2DB7802E31A3}.Release|Any CPU.ActiveCfg = Release|Any CPU
		{0F28571B-480E-482A-8A9F-2DB7802E31A3}.Release|Any CPU.Build.0 = Release|Any CPU
		{03E6084E-A432-45AF-8769-A0C961E0A3C9}.Debug|Any CPU.ActiveCfg = Debug|Any CPU
		{03E6084E-A432-45AF-8769-A0C961E0A3C9}.Debug|Any CPU.Build.0 = Debug|Any CPU
		{03E6084E-A432-45AF-8769-A0C961E0A3C9}.Release|Any CPU.ActiveCfg = Release|Any CPU
		{03E6084E-A432-45AF-8769-A0C961E0A3C9}.Release|Any CPU.Build.0 = Release|Any CPU
		{170CE6CA-5F10-4B67-9BC2-A25424972926}.Debug|Any CPU.ActiveCfg = Debug|Any CPU
		{170CE6CA-5F10-4B67-9BC2-A25424972926}.Debug|Any CPU.Build.0 = Debug|Any CPU
		{170CE6CA-5F10-4B67-9BC2-A25424972926}.Release|Any CPU.ActiveCfg = Release|Any CPU
		{170CE6CA-5F10-4B67-9BC2-A25424972926}.Release|Any CPU.Build.0 = Release|Any CPU
		{9D6FDCE3-ACEC-496D-A1B8-F41AB1FF9D07}.Debug|Any CPU.ActiveCfg = Debug|Any CPU
		{9D6FDCE3-ACEC-496D-A1B8-F41AB1FF9D07}.Debug|Any CPU.Build.0 = Debug|Any CPU
		{9D6FDCE3-ACEC-496D-A1B8-F41AB1FF9D07}.Release|Any CPU.ActiveCfg = Release|Any CPU
		{9D6FDCE3-ACEC-496D-A1B8-F41AB1FF9D07}.Release|Any CPU.Build.0 = Release|Any CPU
		{1325A7F4-591C-43CE-82AC-3E1B96895996}.Debug|Any CPU.ActiveCfg = Debug|Any CPU
		{1325A7F4-591C-43CE-82AC-3E1B96895996}.Debug|Any CPU.Build.0 = Debug|Any CPU
		{1325A7F4-591C-43CE-82AC-3E1B96895996}.Release|Any CPU.ActiveCfg = Release|Any CPU
		{1325A7F4-591C-43CE-82AC-3E1B96895996}.Release|Any CPU.Build.0 = Release|Any CPU
		{CACACB48-6B15-4201-AE1D-8961B6799BA7}.Debug|Any CPU.ActiveCfg = Debug|Any CPU
		{CACACB48-6B15-4201-AE1D-8961B6799BA7}.Debug|Any CPU.Build.0 = Debug|Any CPU
		{CACACB48-6B15-4201-AE1D-8961B6799BA7}.Release|Any CPU.ActiveCfg = Release|Any CPU
		{CACACB48-6B15-4201-AE1D-8961B6799BA7}.Release|Any CPU.Build.0 = Release|Any CPU
		{9992CA93-68CA-4230-96B1-AFDFAE21C4B3}.Debug|Any CPU.ActiveCfg = Debug|Any CPU
		{9992CA93-68CA-4230-96B1-AFDFAE21C4B3}.Debug|Any CPU.Build.0 = Debug|Any CPU
		{9992CA93-68CA-4230-96B1-AFDFAE21C4B3}.Release|Any CPU.ActiveCfg = Release|Any CPU
		{9992CA93-68CA-4230-96B1-AFDFAE21C4B3}.Release|Any CPU.Build.0 = Release|Any CPU
	EndGlobalSection
	GlobalSection(SolutionProperties) = preSolution
		HideSolutionNode = FALSE
	EndGlobalSection
	GlobalSection(NestedProjects) = preSolution
		{33194F5C-75B7-45A6-B2FD-195F71CE0BF5} = {1F10DCE1-33D1-4318-A324-2A839499F345}
		{08AE472A-8F38-45CE-A5E2-9CCDBBC5D3A7} = {1F10DCE1-33D1-4318-A324-2A839499F345}
		{62B68988-85CC-4037-9648-229155047601} = {08AE472A-8F38-45CE-A5E2-9CCDBBC5D3A7}
		{716D7984-42D9-4349-8DA8-679469D6E0BC} = {8F3E705C-8578-4C56-8C5B-12046C6987FE}
		{B7C635A2-1E5A-4BAC-8BC6-E449DDAF54D6} = {BE7BD1F8-8D80-4A3A-9C3C-0C603C07BD5E}
		{92C88DF9-C97A-4294-9BC6-BEB21780EB00} = {BE7BD1F8-8D80-4A3A-9C3C-0C603C07BD5E}
		{EF532D51-F763-4E03-8FC9-7384611DC029} = {BE7BD1F8-8D80-4A3A-9C3C-0C603C07BD5E}
		{BF7EA7F6-7779-4C04-89C5-A7A1F938438E} = {BE7BD1F8-8D80-4A3A-9C3C-0C603C07BD5E}
		{E47F6392-2D36-4466-A67C-F28050BF6201} = {BE7BD1F8-8D80-4A3A-9C3C-0C603C07BD5E}
		{1F14D305-1AA9-47FA-8EA0-74119A5BE51C} = {BE7BD1F8-8D80-4A3A-9C3C-0C603C07BD5E}
		{A7635F37-0809-49C0-BCEF-1CB0C3E4A65C} = {BE7BD1F8-8D80-4A3A-9C3C-0C603C07BD5E}
		{95217DE7-0E08-4A61-ADC3-4CC8E2DB99B3} = {BE7BD1F8-8D80-4A3A-9C3C-0C603C07BD5E}
		{AE5ADD11-294B-4C01-9CC5-B23B8AF439D1} = {BE7BD1F8-8D80-4A3A-9C3C-0C603C07BD5E}
		{F199E030-073B-4B4D-9067-51FA2CA6711E} = {BE7BD1F8-8D80-4A3A-9C3C-0C603C07BD5E}
		{E841A8A2-D2CE-45A1-BDB9-37F667DC918D} = {BE7BD1F8-8D80-4A3A-9C3C-0C603C07BD5E}
		{BDF9FF40-CF20-47F0-AF1D-1F77D7D13BDE} = {BE7BD1F8-8D80-4A3A-9C3C-0C603C07BD5E}
		{4708DF25-5B1A-4D8D-AC42-1A1B5A32A02C} = {BF88EC80-47F4-4A24-8085-487F3D958A7E}
		{D0156375-E7A0-4C95-B8C3-A053A0D024B3} = {ED7FEB51-233D-4599-B81C-20B2E592DFAD}
		{BF88EC80-47F4-4A24-8085-487F3D958A7E} = {E6566EA0-8FC4-4DD9-9723-47B5A378B18B}
		{ED7FEB51-233D-4599-B81C-20B2E592DFAD} = {E6566EA0-8FC4-4DD9-9723-47B5A378B18B}
		{F7358D6E-148B-4604-863E-4FF37E7FCE49} = {E6566EA0-8FC4-4DD9-9723-47B5A378B18B}
		{4BFF5B00-D9D0-48CF-826A-DBADC35FEB02} = {E6566EA0-8FC4-4DD9-9723-47B5A378B18B}
		{C6B51FB7-8294-431E-99DC-21B2329AD11D} = {E6566EA0-8FC4-4DD9-9723-47B5A378B18B}
		{B6FDD99D-C9A0-4279-863B-6CB77D285EB5} = {F7358D6E-148B-4604-863E-4FF37E7FCE49}
		{775AA226-B0FA-4369-A013-338CB68EE493} = {4BFF5B00-D9D0-48CF-826A-DBADC35FEB02}
		{1B8E75FF-77CA-47EB-BB61-EDC8C4EC2367} = {C6B51FB7-8294-431E-99DC-21B2329AD11D}
		{1CBB0AED-BC41-4841-B76D-2A555FD9F05C} = {14FF3281-4278-41F4-92EB-23DFE42A469A}
		{A2114BE4-1463-4DFE-B012-7D9D62BE5922} = {1CBB0AED-BC41-4841-B76D-2A555FD9F05C}
		{A69C93D0-26EF-482B-84D5-D9A4292BF0B2} = {14FF3281-4278-41F4-92EB-23DFE42A469A}
		{1C7FA96C-3226-4627-AEBC-3659AB1F364B} = {A69C93D0-26EF-482B-84D5-D9A4292BF0B2}
		{59969A0E-1790-4216-BAF3-892128EA671D} = {14FF3281-4278-41F4-92EB-23DFE42A469A}
		{F35ADC38-C3F6-4A46-8A76-2A5A401E6BA9} = {59969A0E-1790-4216-BAF3-892128EA671D}
		{9736D16D-AB2A-429B-8EBF-E0E0AA529F4A} = {14FF3281-4278-41F4-92EB-23DFE42A469A}
		{5C320FA4-4AB1-49A3-B15E-503623DC0E3D} = {9736D16D-AB2A-429B-8EBF-E0E0AA529F4A}
		{6139615D-A899-4FC6-B791-5E4505AA22A9} = {14FF3281-4278-41F4-92EB-23DFE42A469A}
		{38E20E45-21BC-41BB-83F1-872296BFD6C4} = {6139615D-A899-4FC6-B791-5E4505AA22A9}
		{7C912928-3C70-4FDF-B915-B2D5F34DCDD1} = {6139615D-A899-4FC6-B791-5E4505AA22A9}
		{0EFD480D-006F-4A75-BFAE-57FEE1B11309} = {14FF3281-4278-41F4-92EB-23DFE42A469A}
		{39861418-9DE1-4B2C-A2E6-CFF08AE666E2} = {0EFD480D-006F-4A75-BFAE-57FEE1B11309}
		{5C1645EE-093F-47FF-BF3F-06EA04B0D9DB} = {0EFD480D-006F-4A75-BFAE-57FEE1B11309}
		{B37F8FD1-F0FC-4110-A8CD-E57393E16C7C} = {D2C46904-9577-4981-850F-DB4E204D234C}
		{3D918441-A88E-43A8-9CB4-AD6EE13F9577} = {B37F8FD1-F0FC-4110-A8CD-E57393E16C7C}
		{7CC119A0-1FA5-4986-9B9F-AE73829BF61C} = {D2C46904-9577-4981-850F-DB4E204D234C}
		{F1880321-5BC6-4936-894E-AE703A85F7FF} = {7CC119A0-1FA5-4986-9B9F-AE73829BF61C}
		{A290D2EA-F941-4113-9C65-43A49B897605} = {D2C46904-9577-4981-850F-DB4E204D234C}
		{0A14891E-3E5A-480D-8296-E7D74A6911E8} = {A290D2EA-F941-4113-9C65-43A49B897605}
		{3C83F223-E60B-453F-9A8C-2478B0A64230} = {D2C46904-9577-4981-850F-DB4E204D234C}
		{1B965232-6D94-47FA-8E44-735E31E1EB10} = {3C83F223-E60B-453F-9A8C-2478B0A64230}
		{244FC077-7E92-43DA-99DB-9209A9F095C1} = {3C83F223-E60B-453F-9A8C-2478B0A64230}
		{40696BB9-0C0A-44AC-BDF9-C230166BF312} = {D2C46904-9577-4981-850F-DB4E204D234C}
		{7D2056BC-4745-4145-A4DF-9DF0B505B16E} = {40696BB9-0C0A-44AC-BDF9-C230166BF312}
		{E1946BED-D1E9-4550-ADFC-CF312045B8D2} = {D2C46904-9577-4981-850F-DB4E204D234C}
		{B423907B-AEDB-4B1E-8CAA-72A7D478EDF5} = {E1946BED-D1E9-4550-ADFC-CF312045B8D2}
		{69D68A5A-5474-4AD4-A41A-F0B069AE5AB8} = {D2C46904-9577-4981-850F-DB4E204D234C}
		{9801C0F2-25C2-4038-A0A0-862B1DA608BD} = {69D68A5A-5474-4AD4-A41A-F0B069AE5AB8}
		{2BAF4BDB-47A6-40EB-B2BA-DADC7568792A} = {D2C46904-9577-4981-850F-DB4E204D234C}
		{8EB11A69-77D1-4DCC-A784-9B065AAD10EA} = {2BAF4BDB-47A6-40EB-B2BA-DADC7568792A}
		{CF90116D-5D2E-452F-9A45-A320AB09E666} = {D2C46904-9577-4981-850F-DB4E204D234C}
		{C1901DF3-87A3-495B-9A69-C22895AC0B09} = {CF90116D-5D2E-452F-9A45-A320AB09E666}
		{E81CA8DC-3775-488C-B4BB-0D20A2608F02} = {D2C46904-9577-4981-850F-DB4E204D234C}
		{3B943380-8A68-411A-8AD3-88CEC4198641} = {E81CA8DC-3775-488C-B4BB-0D20A2608F02}
		{9B97DE8F-9251-4A6C-B300-4976D903193D} = {D2C46904-9577-4981-850F-DB4E204D234C}
		{CDB64AF3-43EB-49BE-9A97-C98359067A21} = {9B97DE8F-9251-4A6C-B300-4976D903193D}
		{7826E761-2027-4FFC-B00C-61388653171C} = {D2C46904-9577-4981-850F-DB4E204D234C}
		{CC33314F-2035-451E-863A-278E0A3D2965} = {7826E761-2027-4FFC-B00C-61388653171C}
		{C79E2122-2F16-4CC7-BE38-24F1AB040DD6} = {D2C46904-9577-4981-850F-DB4E204D234C}
		{0F28571B-480E-482A-8A9F-2DB7802E31A3} = {C79E2122-2F16-4CC7-BE38-24F1AB040DD6}
		{E910DAF2-E0A5-4FB6-943A-ACE79AE8066B} = {FF5E3180-DE23-43B5-BB26-C63F327B8DD9}
		{03E6084E-A432-45AF-8769-A0C961E0A3C9} = {E910DAF2-E0A5-4FB6-943A-ACE79AE8066B}
		{170CE6CA-5F10-4B67-9BC2-A25424972926} = {E910DAF2-E0A5-4FB6-943A-ACE79AE8066B}
		{4EFC30A3-9D0C-438A-B0A4-B5B90AD60F7D} = {FF5E3180-DE23-43B5-BB26-C63F327B8DD9}
		{9D6FDCE3-ACEC-496D-A1B8-F41AB1FF9D07} = {4EFC30A3-9D0C-438A-B0A4-B5B90AD60F7D}
		{1325A7F4-591C-43CE-82AC-3E1B96895996} = {4EFC30A3-9D0C-438A-B0A4-B5B90AD60F7D}
		{267A5FFC-F08F-4E52-A275-47388D911446} = {FF5E3180-DE23-43B5-BB26-C63F327B8DD9}
		{CACACB48-6B15-4201-AE1D-8961B6799BA7} = {267A5FFC-F08F-4E52-A275-47388D911446}
		{573A6964-CE8A-4298-91E5-174504A0DA85} = {FF5E3180-DE23-43B5-BB26-C63F327B8DD9}
		{9992CA93-68CA-4230-96B1-AFDFAE21C4B3} = {573A6964-CE8A-4298-91E5-174504A0DA85}
	EndGlobalSection
	GlobalSection(ExtensibilityGlobals) = postSolution
		SolutionGuid = {8C781959-1315-4FBC-B7BB-B5AC7F1F788C}
	EndGlobalSection
EndGlobal
